
Microsoft Visual Studio Solution File, Format Version 12.00
# Visual Studio Version 16
VisualStudioVersion = 16.0.30804.86
MinimumVisualStudioVersion = 10.0.40219.1
Project("{2150E333-8FDC-42A3-9474-1A3956D46DE8}") = "Microservices", "Microservices", "{AAE3F8E1-51B6-4AEC-B6E8-B1F4EF7C9E1D}"
EndProject
Project("{2150E333-8FDC-42A3-9474-1A3956D46DE8}") = "Domain", "Domain", "{D8E3FE9C-073A-4908-96CE-CF9DE9A0F401}"
EndProject
Project("{2150E333-8FDC-42A3-9474-1A3956D46DE8}") = "Infra.Bus", "Infra.Bus", "{1A11717E-C182-41F0-82C6-B5995E89B342}"
EndProject
Project("{2150E333-8FDC-42A3-9474-1A3956D46DE8}") = "Infra.IoC", "Infra.IoC", "{66492DE2-D312-4464-ABC0-EFEC21603B4B}"
EndProject
Project("{2150E333-8FDC-42A3-9474-1A3956D46DE8}") = "Presentation", "Presentation", "{2A0014F0-A062-4BB3-A1D5-6ABFDD5B349A}"
EndProject
Project("{FAE04EC0-301F-11D3-BF4B-00C04F79EFBC}") = "MicroRabbit.Domain.Core", "MicroRabbit.Domain.Core\MicroRabbit.Domain.Core.csproj", "{88AE35B1-8E91-44E5-9781-63C1D3C97EFB}"
EndProject
Project("{FAE04EC0-301F-11D3-BF4B-00C04F79EFBC}") = "MicroRabbit.Infa.Bus", "MicroRabbit.Infa.Bus\MicroRabbit.Infa.Bus.csproj", "{F023A0FF-2D81-4A39-A6BD-773F878EE9E2}"
EndProject
Project("{FAE04EC0-301F-11D3-BF4B-00C04F79EFBC}") = "MicroRabbit.Infra.IoC", "MicroRabbit.Infra.IoC\MicroRabbit.Infra.IoC.csproj", "{037B4E59-EA2C-4144-8908-2340E0299CFA}"
EndProject
Project("{2150E333-8FDC-42A3-9474-1A3956D46DE8}") = "Banking", "Banking", "{DF1BF1AD-76AF-4464-84C1-B6971B6E7D62}"
EndProject
Project("{2150E333-8FDC-42A3-9474-1A3956D46DE8}") = "Api", "Api", "{F3121DB8-8F54-44D6-874A-75E0D6518D3E}"
EndProject
Project("{2150E333-8FDC-42A3-9474-1A3956D46DE8}") = "Domain", "Domain", "{7600BF72-47CC-4AC7-B2BE-BE1C4EC62B07}"
EndProject
Project("{2150E333-8FDC-42A3-9474-1A3956D46DE8}") = "Application", "Application", "{498B8EB8-8809-4187-B10A-1EF53BF582AB}"
EndProject
Project("{2150E333-8FDC-42A3-9474-1A3956D46DE8}") = "Data", "Data", "{52D9A993-E6B9-4026-AEA8-EF795A469282}"
EndProject
Project("{FAE04EC0-301F-11D3-BF4B-00C04F79EFBC}") = "WebApplication", "WebApplication\WebApplication.csproj", "{643E36BC-B5EE-4685-ADC2-5C5A2F0649CD}"
EndProject
Project("{FAE04EC0-301F-11D3-BF4B-00C04F79EFBC}") = "MicroRabbit.Banking.Application", "MicroRabbit.Banking.Application\MicroRabbit.Banking.Application.csproj", "{E173E33F-04FD-4F9A-A230-2D381E32FCC4}"
EndProject
Project("{FAE04EC0-301F-11D3-BF4B-00C04F79EFBC}") = "MicroRabbit.Banking.Data", "MicroRabbit.Banking.Data\MicroRabbit.Banking.Data.csproj", "{7998F50D-643A-4127-8AEF-7EDC24E88BA0}"
EndProject
Project("{FAE04EC0-301F-11D3-BF4B-00C04F79EFBC}") = "MicroRabbit.Banking.Domain", "MicroRabbit.Banking.Domain\MicroRabbit.Banking.Domain.csproj", "{1E1A8450-5BBC-4850-8421-A325B53E7ACE}"
EndProject
Global
	GlobalSection(SolutionConfigurationPlatforms) = preSolution
		Debug|Any CPU = Debug|Any CPU
		Release|Any CPU = Release|Any CPU
	EndGlobalSection
	GlobalSection(ProjectConfigurationPlatforms) = postSolution
		{88AE35B1-8E91-44E5-9781-63C1D3C97EFB}.Debug|Any CPU.ActiveCfg = Debug|Any CPU
		{88AE35B1-8E91-44E5-9781-63C1D3C97EFB}.Debug|Any CPU.Build.0 = Debug|Any CPU
		{88AE35B1-8E91-44E5-9781-63C1D3C97EFB}.Release|Any CPU.ActiveCfg = Release|Any CPU
		{88AE35B1-8E91-44E5-9781-63C1D3C97EFB}.Release|Any CPU.Build.0 = Release|Any CPU
		{F023A0FF-2D81-4A39-A6BD-773F878EE9E2}.Debug|Any CPU.ActiveCfg = Debug|Any CPU
		{F023A0FF-2D81-4A39-A6BD-773F878EE9E2}.Debug|Any CPU.Build.0 = Debug|Any CPU
		{F023A0FF-2D81-4A39-A6BD-773F878EE9E2}.Release|Any CPU.ActiveCfg = Release|Any CPU
		{F023A0FF-2D81-4A39-A6BD-773F878EE9E2}.Release|Any CPU.Build.0 = Release|Any CPU
		{037B4E59-EA2C-4144-8908-2340E0299CFA}.Debug|Any CPU.ActiveCfg = Debug|Any CPU
		{037B4E59-EA2C-4144-8908-2340E0299CFA}.Debug|Any CPU.Build.0 = Debug|Any CPU
		{037B4E59-EA2C-4144-8908-2340E0299CFA}.Release|Any CPU.ActiveCfg = Release|Any CPU
		{037B4E59-EA2C-4144-8908-2340E0299CFA}.Release|Any CPU.Build.0 = Release|Any CPU
		{643E36BC-B5EE-4685-ADC2-5C5A2F0649CD}.Debug|Any CPU.ActiveCfg = Debug|Any CPU
		{643E36BC-B5EE-4685-ADC2-5C5A2F0649CD}.Debug|Any CPU.Build.0 = Debug|Any CPU
		{643E36BC-B5EE-4685-ADC2-5C5A2F0649CD}.Release|Any CPU.ActiveCfg = Release|Any CPU
		{643E36BC-B5EE-4685-ADC2-5C5A2F0649CD}.Release|Any CPU.Build.0 = Release|Any CPU
		{E173E33F-04FD-4F9A-A230-2D381E32FCC4}.Debug|Any CPU.ActiveCfg = Debug|Any CPU
		{E173E33F-04FD-4F9A-A230-2D381E32FCC4}.Debug|Any CPU.Build.0 = Debug|Any CPU
		{E173E33F-04FD-4F9A-A230-2D381E32FCC4}.Release|Any CPU.ActiveCfg = Release|Any CPU
		{E173E33F-04FD-4F9A-A230-2D381E32FCC4}.Release|Any CPU.Build.0 = Release|Any CPU
		{7998F50D-643A-4127-8AEF-7EDC24E88BA0}.Debug|Any CPU.ActiveCfg = Debug|Any CPU
		{7998F50D-643A-4127-8AEF-7EDC24E88BA0}.Debug|Any CPU.Build.0 = Debug|Any CPU
		{7998F50D-643A-4127-8AEF-7EDC24E88BA0}.Release|Any CPU.ActiveCfg = Release|Any CPU
		{7998F50D-643A-4127-8AEF-7EDC24E88BA0}.Release|Any CPU.Build.0 = Release|Any CPU
		{1E1A8450-5BBC-4850-8421-A325B53E7ACE}.Debug|Any CPU.ActiveCfg = Debug|Any CPU
		{1E1A8450-5BBC-4850-8421-A325B53E7ACE}.Debug|Any CPU.Build.0 = Debug|Any CPU
		{1E1A8450-5BBC-4850-8421-A325B53E7ACE}.Release|Any CPU.ActiveCfg = Release|Any CPU
		{1E1A8450-5BBC-4850-8421-A325B53E7ACE}.Release|Any CPU.Build.0 = Release|Any CPU
	EndGlobalSection
	GlobalSection(SolutionProperties) = preSolution
		HideSolutionNode = FALSE
	EndGlobalSection
	GlobalSection(NestedProjects) = preSolution
		{88AE35B1-8E91-44E5-9781-63C1D3C97EFB} = {D8E3FE9C-073A-4908-96CE-CF9DE9A0F401}
		{F023A0FF-2D81-4A39-A6BD-773F878EE9E2} = {1A11717E-C182-41F0-82C6-B5995E89B342}
		{037B4E59-EA2C-4144-8908-2340E0299CFA} = {66492DE2-D312-4464-ABC0-EFEC21603B4B}
		{DF1BF1AD-76AF-4464-84C1-B6971B6E7D62} = {AAE3F8E1-51B6-4AEC-B6E8-B1F4EF7C9E1D}
		{F3121DB8-8F54-44D6-874A-75E0D6518D3E} = {DF1BF1AD-76AF-4464-84C1-B6971B6E7D62}
		{7600BF72-47CC-4AC7-B2BE-BE1C4EC62B07} = {DF1BF1AD-76AF-4464-84C1-B6971B6E7D62}
		{498B8EB8-8809-4187-B10A-1EF53BF582AB} = {DF1BF1AD-76AF-4464-84C1-B6971B6E7D62}
		{52D9A993-E6B9-4026-AEA8-EF795A469282} = {DF1BF1AD-76AF-4464-84C1-B6971B6E7D62}
		{643E36BC-B5EE-4685-ADC2-5C5A2F0649CD} = {F3121DB8-8F54-44D6-874A-75E0D6518D3E}
		{E173E33F-04FD-4F9A-A230-2D381E32FCC4} = {498B8EB8-8809-4187-B10A-1EF53BF582AB}
		{7998F50D-643A-4127-8AEF-7EDC24E88BA0} = {52D9A993-E6B9-4026-AEA8-EF795A469282}
		{1E1A8450-5BBC-4850-8421-A325B53E7ACE} = {7600BF72-47CC-4AC7-B2BE-BE1C4EC62B07}
	EndGlobalSection
	GlobalSection(ExtensibilityGlobals) = postSolution
		SolutionGuid = {D5B6662C-1A2F-46A6-836F-5257D156AF28}
	EndGlobalSection
EndGlobal
